
Microsoft Visual Studio Solution File, Format Version 12.00
# Visual Studio 2013
VisualStudioVersion = 12.0.0.0
MinimumVisualStudioVersion = 10.0.0.1
Project("{FAE04EC0-301F-11D3-BF4B-00C04F79EFBC}") = "Test", "Test/Test.csproj", "{40946F68-6C51-4214-9348-73FE3B5609A7}"
EndProject
Global
	GlobalSection(SolutionConfigurationPlatforms) = preSolution
		Debug|Any CPU = Debug|Any CPU
		Release|Any CPU = Release|Any CPU
	EndGlobalSection
	GlobalSection(ProjectConfigurationPlatforms) = postSolution
		{40946F68-6C51-4214-9348-73FE3B5609A7}.Debug|Any CPU.ActiveCfg = Debug|Any CPU
		{40946F68-6C51-4214-9348-73FE3B5609A7}.Debug|Any CPU.Build.0 = Debug|Any CPU
		{40946F68-6C51-4214-9348-73FE3B5609A7}.Release|Any CPU.ActiveCfg = Release|Any CPU
		{40946F68-6C51-4214-9348-73FE3B5609A7}.Release|Any CPU.Build.0 = Release|Any CPU
	EndGlobalSection
	GlobalSection(SolutionProperties) = preSolution
		HideSolutionNode = FALSE
	EndGlobalSection
EndGlobal
